
Microsoft Visual Studio Solution File, Format Version 12.00
# Visual Studio Version 17
VisualStudioVersion = 17.13.35825.156
MinimumVisualStudioVersion = 10.0.40219.1
Project("{2150E333-8FDC-42A3-9474-1A3956D46DE8}") = "services", "services", "{02EA681E-C7D8-13C7-8484-4AC65E1B71E8}"
EndProject
Project("{2150E333-8FDC-42A3-9474-1A3956D46DE8}") = "WebApps", "WebApps", "{5637D181-2205-47F0-8D4D-2BE42A5F3E06}"
EndProject
Project("{2150E333-8FDC-42A3-9474-1A3956D46DE8}") = "Cadastros", "Cadastros", "{23D256D5-D6E1-4FF6-AD42-3F8E62F166C3}"
EndProject
Project("{2150E333-8FDC-42A3-9474-1A3956D46DE8}") = "Catalogo", "Catalogo", "{F181509D-9827-4940-97AA-436B57FA2052}"
EndProject
Project("{2150E333-8FDC-42A3-9474-1A3956D46DE8}") = "Core", "Core", "{7AFDF2E7-EBF8-4B9A-8580-92C2C608C8CB}"
EndProject
Project("{2150E333-8FDC-42A3-9474-1A3956D46DE8}") = "Fiscal", "Fiscal", "{5E2DAE07-EE7C-4E9E-8C69-FF64E4C96741}"
EndProject
Project("{2150E333-8FDC-42A3-9474-1A3956D46DE8}") = "Pagamentos", "Pagamentos", "{7810F33B-1644-4BB1-9589-15A04D41E771}"
EndProject
Project("{2150E333-8FDC-42A3-9474-1A3956D46DE8}") = "Vendas", "Vendas", "{B1981C1A-0390-46FC-9956-F477CD0A419D}"
EndProject
Project("{FAE04EC0-301F-11D3-BF4B-00C04F79EFBC}") = "DevStore.Catalogo.Domain", "src\DevStore.Catalogo.Domain\DevStore.Catalogo.Domain.csproj", "{61AB77EE-B991-440C-88DA-9C059D504947}"
EndProject
Project("{FAE04EC0-301F-11D3-BF4B-00C04F79EFBC}") = "DevStore.Core", "src\DevStore.Core\DevStore.Core.csproj", "{85C6437A-D17B-4216-947E-739544170862}"
EndProject
Project("{2150E333-8FDC-42A3-9474-1A3956D46DE8}") = "Tests", "Tests", "{E07224DD-4E0D-46B5-A8CC-E543A4F5175F}"
EndProject
Project("{FAE04EC0-301F-11D3-BF4B-00C04F79EFBC}") = "DevStore.Catalogo.Domain.Tests", "tests\DevStore.Catalogo.Domain.Tests\DevStore.Catalogo.Domain.Tests.csproj", "{279130FE-6A29-4815-99CD-83556068D27A}"
EndProject
Project("{FAE04EC0-301F-11D3-BF4B-00C04F79EFBC}") = "DevStore.Catalogo.Data", "src\DevStore.Catalogo.Data\DevStore.Catalogo.Data.csproj", "{554B19DF-D64E-4CB4-B1AE-AAE4D70899D5}"
EndProject
Project("{FAE04EC0-301F-11D3-BF4B-00C04F79EFBC}") = "DevStore.Catalogo.Application", "src\DevStore.Catalogo.Application\DevStore.Catalogo.Application.csproj", "{4FFF37B4-D170-4BAC-B761-598CF1E2B84A}"
EndProject
Project("{FAE04EC0-301F-11D3-BF4B-00C04F79EFBC}") = "DevStore.WebApp.MVC", "src\DevStore.WebApp.MVC\DevStore.WebApp.MVC.csproj", "{71D31B86-88BE-443B-95D5-D3C957B2BB84}"
EndProject
Project("{FAE04EC0-301F-11D3-BF4B-00C04F79EFBC}") = "DevStore.Vendas.Domain", "src\DevStore.Vendas.Domain\DevStore.Vendas.Domain.csproj", "{D378E1F2-5642-476A-B2D6-8561F4D79309}"
EndProject
Project("{FAE04EC0-301F-11D3-BF4B-00C04F79EFBC}") = "DevStore.Vendas.Application", "src\DevStore.Vendas.Application\DevStore.Vendas.Application.csproj", "{C9FE61D6-2ED9-4C0A-8428-2D52957C5F19}"
EndProject
Project("{FAE04EC0-301F-11D3-BF4B-00C04F79EFBC}") = "DevStore.Vendas.Data", "src\DevStore.Vendas.Data\DevStore.Vendas.Data.csproj", "{88F5288E-304E-4235-ABEF-0CDA35E9EBFE}"
EndProject
Project("{FAE04EC0-301F-11D3-BF4B-00C04F79EFBC}") = "DevStore.Pagamentos.AntiCorruption", "src\DevStore.Pagamentos.AntiCorruption\DevStore.Pagamentos.AntiCorruption.csproj", "{03E3D897-FCB5-4D93-9F77-1C648A5B2DFB}"
EndProject
Project("{FAE04EC0-301F-11D3-BF4B-00C04F79EFBC}") = "DevStore.Pagamentos.Business", "src\DevStore.Pagamentos.Business\DevStore.Pagamentos.Business.csproj", "{DEC8E06E-6074-45E5-B317-2445A934E9DA}"
EndProject
Project("{FAE04EC0-301F-11D3-BF4B-00C04F79EFBC}") = "DevStore.Pagamentos.Data", "src\DevStore.Pagamentos.Data\DevStore.Pagamentos.Data.csproj", "{426ECE85-F66F-496D-B132-1FF7EE22412B}"
EndProject
Global
	GlobalSection(SolutionConfigurationPlatforms) = preSolution
		Debug|Any CPU = Debug|Any CPU
		Release|Any CPU = Release|Any CPU
	EndGlobalSection
	GlobalSection(ProjectConfigurationPlatforms) = postSolution
		{61AB77EE-B991-440C-88DA-9C059D504947}.Debug|Any CPU.ActiveCfg = Debug|Any CPU
		{61AB77EE-B991-440C-88DA-9C059D504947}.Debug|Any CPU.Build.0 = Debug|Any CPU
		{61AB77EE-B991-440C-88DA-9C059D504947}.Release|Any CPU.ActiveCfg = Release|Any CPU
		{61AB77EE-B991-440C-88DA-9C059D504947}.Release|Any CPU.Build.0 = Release|Any CPU
		{85C6437A-D17B-4216-947E-739544170862}.Debug|Any CPU.ActiveCfg = Debug|Any CPU
		{85C6437A-D17B-4216-947E-739544170862}.Debug|Any CPU.Build.0 = Debug|Any CPU
		{85C6437A-D17B-4216-947E-739544170862}.Release|Any CPU.ActiveCfg = Release|Any CPU
		{85C6437A-D17B-4216-947E-739544170862}.Release|Any CPU.Build.0 = Release|Any CPU
		{279130FE-6A29-4815-99CD-83556068D27A}.Debug|Any CPU.ActiveCfg = Debug|Any CPU
		{279130FE-6A29-4815-99CD-83556068D27A}.Debug|Any CPU.Build.0 = Debug|Any CPU
		{279130FE-6A29-4815-99CD-83556068D27A}.Release|Any CPU.ActiveCfg = Release|Any CPU
		{279130FE-6A29-4815-99CD-83556068D27A}.Release|Any CPU.Build.0 = Release|Any CPU
		{554B19DF-D64E-4CB4-B1AE-AAE4D70899D5}.Debug|Any CPU.ActiveCfg = Debug|Any CPU
		{554B19DF-D64E-4CB4-B1AE-AAE4D70899D5}.Debug|Any CPU.Build.0 = Debug|Any CPU
		{554B19DF-D64E-4CB4-B1AE-AAE4D70899D5}.Release|Any CPU.ActiveCfg = Release|Any CPU
		{554B19DF-D64E-4CB4-B1AE-AAE4D70899D5}.Release|Any CPU.Build.0 = Release|Any CPU
		{4FFF37B4-D170-4BAC-B761-598CF1E2B84A}.Debug|Any CPU.ActiveCfg = Debug|Any CPU
		{4FFF37B4-D170-4BAC-B761-598CF1E2B84A}.Debug|Any CPU.Build.0 = Debug|Any CPU
		{4FFF37B4-D170-4BAC-B761-598CF1E2B84A}.Release|Any CPU.ActiveCfg = Release|Any CPU
		{4FFF37B4-D170-4BAC-B761-598CF1E2B84A}.Release|Any CPU.Build.0 = Release|Any CPU
		{71D31B86-88BE-443B-95D5-D3C957B2BB84}.Debug|Any CPU.ActiveCfg = Debug|Any CPU
		{71D31B86-88BE-443B-95D5-D3C957B2BB84}.Debug|Any CPU.Build.0 = Debug|Any CPU
		{71D31B86-88BE-443B-95D5-D3C957B2BB84}.Release|Any CPU.ActiveCfg = Release|Any CPU
		{71D31B86-88BE-443B-95D5-D3C957B2BB84}.Release|Any CPU.Build.0 = Release|Any CPU
		{D378E1F2-5642-476A-B2D6-8561F4D79309}.Debug|Any CPU.ActiveCfg = Debug|Any CPU
		{D378E1F2-5642-476A-B2D6-8561F4D79309}.Debug|Any CPU.Build.0 = Debug|Any CPU
		{D378E1F2-5642-476A-B2D6-8561F4D79309}.Release|Any CPU.ActiveCfg = Release|Any CPU
		{D378E1F2-5642-476A-B2D6-8561F4D79309}.Release|Any CPU.Build.0 = Release|Any CPU
		{C9FE61D6-2ED9-4C0A-8428-2D52957C5F19}.Debug|Any CPU.ActiveCfg = Debug|Any CPU
		{C9FE61D6-2ED9-4C0A-8428-2D52957C5F19}.Debug|Any CPU.Build.0 = Debug|Any CPU
		{C9FE61D6-2ED9-4C0A-8428-2D52957C5F19}.Release|Any CPU.ActiveCfg = Release|Any CPU
		{C9FE61D6-2ED9-4C0A-8428-2D52957C5F19}.Release|Any CPU.Build.0 = Release|Any CPU
		{88F5288E-304E-4235-ABEF-0CDA35E9EBFE}.Debug|Any CPU.ActiveCfg = Debug|Any CPU
		{88F5288E-304E-4235-ABEF-0CDA35E9EBFE}.Debug|Any CPU.Build.0 = Debug|Any CPU
		{88F5288E-304E-4235-ABEF-0CDA35E9EBFE}.Release|Any CPU.ActiveCfg = Release|Any CPU
		{88F5288E-304E-4235-ABEF-0CDA35E9EBFE}.Release|Any CPU.Build.0 = Release|Any CPU
		{03E3D897-FCB5-4D93-9F77-1C648A5B2DFB}.Debug|Any CPU.ActiveCfg = Debug|Any CPU
		{03E3D897-FCB5-4D93-9F77-1C648A5B2DFB}.Debug|Any CPU.Build.0 = Debug|Any CPU
		{03E3D897-FCB5-4D93-9F77-1C648A5B2DFB}.Release|Any CPU.ActiveCfg = Release|Any CPU
		{03E3D897-FCB5-4D93-9F77-1C648A5B2DFB}.Release|Any CPU.Build.0 = Release|Any CPU
		{DEC8E06E-6074-45E5-B317-2445A934E9DA}.Debug|Any CPU.ActiveCfg = Debug|Any CPU
		{DEC8E06E-6074-45E5-B317-2445A934E9DA}.Debug|Any CPU.Build.0 = Debug|Any CPU
		{DEC8E06E-6074-45E5-B317-2445A934E9DA}.Release|Any CPU.ActiveCfg = Release|Any CPU
		{DEC8E06E-6074-45E5-B317-2445A934E9DA}.Release|Any CPU.Build.0 = Release|Any CPU
		{426ECE85-F66F-496D-B132-1FF7EE22412B}.Debug|Any CPU.ActiveCfg = Debug|Any CPU
		{426ECE85-F66F-496D-B132-1FF7EE22412B}.Debug|Any CPU.Build.0 = Debug|Any CPU
		{426ECE85-F66F-496D-B132-1FF7EE22412B}.Release|Any CPU.ActiveCfg = Release|Any CPU
		{426ECE85-F66F-496D-B132-1FF7EE22412B}.Release|Any CPU.Build.0 = Release|Any CPU
	EndGlobalSection
	GlobalSection(SolutionProperties) = preSolution
		HideSolutionNode = FALSE
	EndGlobalSection
	GlobalSection(NestedProjects) = preSolution
		{23D256D5-D6E1-4FF6-AD42-3F8E62F166C3} = {02EA681E-C7D8-13C7-8484-4AC65E1B71E8}
		{F181509D-9827-4940-97AA-436B57FA2052} = {02EA681E-C7D8-13C7-8484-4AC65E1B71E8}
		{7AFDF2E7-EBF8-4B9A-8580-92C2C608C8CB} = {02EA681E-C7D8-13C7-8484-4AC65E1B71E8}
		{5E2DAE07-EE7C-4E9E-8C69-FF64E4C96741} = {02EA681E-C7D8-13C7-8484-4AC65E1B71E8}
		{7810F33B-1644-4BB1-9589-15A04D41E771} = {02EA681E-C7D8-13C7-8484-4AC65E1B71E8}
		{B1981C1A-0390-46FC-9956-F477CD0A419D} = {02EA681E-C7D8-13C7-8484-4AC65E1B71E8}
		{61AB77EE-B991-440C-88DA-9C059D504947} = {F181509D-9827-4940-97AA-436B57FA2052}
		{85C6437A-D17B-4216-947E-739544170862} = {7AFDF2E7-EBF8-4B9A-8580-92C2C608C8CB}
		{E07224DD-4E0D-46B5-A8CC-E543A4F5175F} = {F181509D-9827-4940-97AA-436B57FA2052}
		{279130FE-6A29-4815-99CD-83556068D27A} = {E07224DD-4E0D-46B5-A8CC-E543A4F5175F}
		{554B19DF-D64E-4CB4-B1AE-AAE4D70899D5} = {F181509D-9827-4940-97AA-436B57FA2052}
		{4FFF37B4-D170-4BAC-B761-598CF1E2B84A} = {F181509D-9827-4940-97AA-436B57FA2052}
		{71D31B86-88BE-443B-95D5-D3C957B2BB84} = {5637D181-2205-47F0-8D4D-2BE42A5F3E06}
		{D378E1F2-5642-476A-B2D6-8561F4D79309} = {B1981C1A-0390-46FC-9956-F477CD0A419D}
		{C9FE61D6-2ED9-4C0A-8428-2D52957C5F19} = {B1981C1A-0390-46FC-9956-F477CD0A419D}
		{88F5288E-304E-4235-ABEF-0CDA35E9EBFE} = {B1981C1A-0390-46FC-9956-F477CD0A419D}
		{03E3D897-FCB5-4D93-9F77-1C648A5B2DFB} = {7810F33B-1644-4BB1-9589-15A04D41E771}
		{DEC8E06E-6074-45E5-B317-2445A934E9DA} = {7810F33B-1644-4BB1-9589-15A04D41E771}
		{426ECE85-F66F-496D-B132-1FF7EE22412B} = {7810F33B-1644-4BB1-9589-15A04D41E771}
	EndGlobalSection
	GlobalSection(ExtensibilityGlobals) = postSolution
		SolutionGuid = {FFD8C0AA-3CD6-420B-861F-D1856593551A}
	EndGlobalSection
EndGlobal
